%{
  "connection": {:hex, :connection, "1.0.4", "a1cae72211f0eef17705aaededacac3eb30e6625b04a6117c1b2db6ace7d5976", [:mix], [], "hexpm"},
  "eredis": {:hex, :eredis, "1.1.0", "8d8d74496f35216679b97726b75fb1c8715e99dd7f3ef9f9824a2264c3e0aac0", [:rebar3], [], "hexpm"},
  "gen_stage": {:hex, :gen_stage, "0.14.0", "65ae78509f85b59d360690ce3378d5096c3130a0694bab95b0c4ae66f3008fad", [:mix], [], "hexpm"},
  "httpotion": {:hex, :httpotion, "3.1.0", "14d20d9b0ce4e86e253eb91e4af79e469ad949f57a5d23c0a51b2f86559f6589", [:mix], [{:ibrowse, "~> 4.4", [hex: :ibrowse, repo: "hexpm", optional: false]}], "hexpm"},
  "ibrowse": {:hex, :ibrowse, "4.4.0", "2d923325efe0d2cb09b9c6a047b2835a5eda69d8a47ed6ff8bc03628b764e991", [:rebar3], [], "hexpm"},
  "poison": {:hex, :poison, "3.1.0", "d9eb636610e096f86f25d9a46f35a9facac35609a7591b3be3326e99a0484665", [:mix], [], "hexpm"},
  "poolboy": {:hex, :poolboy, "1.5.1", "6b46163901cfd0a1b43d692657ed9d7e599853b3b21b95ae5ae0a777cf9b6ca8", [:rebar], [], "hexpm"},
  "redix": {:hex, :redix, "0.7.1", "25a6c1c0d9b2d12a35aef759f9e49bd9bca00e0cd857ce766412f08fdda72163", [:mix], [{:connection, "~> 1.0", [hex: :connection, repo: "hexpm", optional: false]}], "hexpm"},
}
